
Microsoft Visual Studio Solution File, Format Version 12.00
# Visual Studio 15
VisualStudioVersion = 15.0.28307.421
MinimumVisualStudioVersion = 10.0.40219.1
Project("{FAE04EC0-301F-11D3-BF4B-00C04F79EFBC}") = "SalarioFuncionario", "SalarioFuncionario\SalarioFuncionario.csproj", "{37200199-C3E4-4305-8A23-7A63116BD41C}"
EndProject
Global
	GlobalSection(SolutionConfigurationPlatforms) = preSolution
		Debug|Any CPU = Debug|Any CPU
		Release|Any CPU = Release|Any CPU
	EndGlobalSection
	GlobalSection(ProjectConfigurationPlatforms) = postSolution
		{37200199-C3E4-4305-8A23-7A63116BD41C}.Debug|Any CPU.ActiveCfg = Debug|Any CPU
		{37200199-C3E4-4305-8A23-7A63116BD41C}.Debug|Any CPU.Build.0 = Debug|Any CPU
		{37200199-C3E4-4305-8A23-7A63116BD41C}.Release|Any CPU.ActiveCfg = Release|Any CPU
		{37200199-C3E4-4305-8A23-7A63116BD41C}.Release|Any CPU.Build.0 = Release|Any CPU
	EndGlobalSection
	GlobalSection(SolutionProperties) = preSolution
		HideSolutionNode = FALSE
	EndGlobalSection
	GlobalSection(ExtensibilityGlobals) = postSolution
		SolutionGuid = {E9AAD750-027E-4250-A46E-E61A6141FA22}
	EndGlobalSection
EndGlobal
